
Microsoft Visual Studio Solution File, Format Version 12.00
# Visual Studio 2015
Project("{FAE04EC0-301F-11D3-BF4B-00C04F79EFBC}") = "MissVR command", "MissVR command.csproj", "{04875D44-EFBE-ECCB-76AE-F2638EF5A498}"
EndProject
Project("{FAE04EC0-301F-11D3-BF4B-00C04F79EFBC}") = "MissVR command.Editor", "MissVR command.Editor.csproj", "{06CFCADD-4288-FDB5-F7A8-32BF58809A37}"
EndProject
Global
	GlobalSection(SolutionConfigurationPlatforms) = preSolution
		Debug|Any CPU = Debug|Any CPU
		Release|Any CPU = Release|Any CPU
	EndGlobalSection
	GlobalSection(ProjectConfigurationPlatforms) = postSolution
		{04875D44-EFBE-ECCB-76AE-F2638EF5A498}.Debug|Any CPU.ActiveCfg = Debug|Any CPU
		{04875D44-EFBE-ECCB-76AE-F2638EF5A498}.Debug|Any CPU.Build.0 = Debug|Any CPU
		{04875D44-EFBE-ECCB-76AE-F2638EF5A498}.Release|Any CPU.ActiveCfg = Release|Any CPU
		{04875D44-EFBE-ECCB-76AE-F2638EF5A498}.Release|Any CPU.Build.0 = Release|Any CPU
		{06CFCADD-4288-FDB5-F7A8-32BF58809A37}.Debug|Any CPU.ActiveCfg = Debug|Any CPU
		{06CFCADD-4288-FDB5-F7A8-32BF58809A37}.Debug|Any CPU.Build.0 = Debug|Any CPU
		{06CFCADD-4288-FDB5-F7A8-32BF58809A37}.Release|Any CPU.ActiveCfg = Release|Any CPU
		{06CFCADD-4288-FDB5-F7A8-32BF58809A37}.Release|Any CPU.Build.0 = Release|Any CPU
	EndGlobalSection
	GlobalSection(SolutionProperties) = preSolution
		HideSolutionNode = FALSE
	EndGlobalSection
EndGlobal
