
Microsoft Visual Studio Solution File, Format Version 12.00
# Visual Studio 2017
Project("{FAE04EC0-301F-11D3-BF4B-00C04F79EFBC}") = "MissVRCommand", "MissVRCommand.csproj", "{36B57667-17A8-AA13-7434-1528D944DBC0}"
EndProject
Project("{FAE04EC0-301F-11D3-BF4B-00C04F79EFBC}") = "MissVRCommand.Editor", "MissVRCommand.Editor.csproj", "{5AF36CC8-8E61-2451-9C3C-329980AFE8BA}"
EndProject
Global
	GlobalSection(SolutionConfigurationPlatforms) = preSolution
		Debug|Any CPU = Debug|Any CPU
		Release|Any CPU = Release|Any CPU
	EndGlobalSection
	GlobalSection(ProjectConfigurationPlatforms) = postSolution
		{36B57667-17A8-AA13-7434-1528D944DBC0}.Debug|Any CPU.ActiveCfg = Debug|Any CPU
		{36B57667-17A8-AA13-7434-1528D944DBC0}.Debug|Any CPU.Build.0 = Debug|Any CPU
		{36B57667-17A8-AA13-7434-1528D944DBC0}.Release|Any CPU.ActiveCfg = Release|Any CPU
		{36B57667-17A8-AA13-7434-1528D944DBC0}.Release|Any CPU.Build.0 = Release|Any CPU
		{5AF36CC8-8E61-2451-9C3C-329980AFE8BA}.Debug|Any CPU.ActiveCfg = Debug|Any CPU
		{5AF36CC8-8E61-2451-9C3C-329980AFE8BA}.Debug|Any CPU.Build.0 = Debug|Any CPU
		{5AF36CC8-8E61-2451-9C3C-329980AFE8BA}.Release|Any CPU.ActiveCfg = Release|Any CPU
		{5AF36CC8-8E61-2451-9C3C-329980AFE8BA}.Release|Any CPU.Build.0 = Release|Any CPU
	EndGlobalSection
	GlobalSection(SolutionProperties) = preSolution
		HideSolutionNode = FALSE
	EndGlobalSection
EndGlobal
